# THIS IS AN AUTOGENERATED FILE. DO NOT EDIT THIS FILE DIRECTLY.
# yarn lockfile v1


babel-plugin-better-async-await@^1.0.0:
  version "1.0.0"
  resolved "https://registry.yarnpkg.com/babel-plugin-better-async-await/-/babel-plugin-better-async-await-1.0.0.tgz#8e5da65a1dd853e6725b26d91dae233a008f8737"
  integrity sha512-GXTDb6CLwDofILnbUP0pwYHTHnu0WZIY6oB/uP7lPd4Q6S3YCxKnuTVbek6lJlYfwg2xSqr+U95vbnOOy3WWCg==
